
Microsoft Visual Studio Solution File, Format Version 12.00
# Visual Studio 15
VisualStudioVersion = 15.0.28307.1169
MinimumVisualStudioVersion = 10.0.40219.1
Project("{FAE04EC0-301F-11D3-BF4B-00C04F79EFBC}") = "TestI2K", "TestI2K\TestI2K.csproj", "{4CA6D33F-7EEA-4824-8371-5567C2DCA1AE}"
EndProject
Global
	GlobalSection(SolutionConfigurationPlatforms) = preSolution
		Debug|Any CPU = Debug|Any CPU
		Debug|x64 = Debug|x64
		Debug|x86 = Debug|x86
		Release|Any CPU = Release|Any CPU
		Release|x64 = Release|x64
		Release|x86 = Release|x86
	EndGlobalSection
	GlobalSection(ProjectConfigurationPlatforms) = postSolution
		{4CA6D33F-7EEA-4824-8371-5567C2DCA1AE}.Debug|Any CPU.ActiveCfg = Debug|Any CPU
		{4CA6D33F-7EEA-4824-8371-5567C2DCA1AE}.Debug|Any CPU.Build.0 = Debug|Any CPU
		{4CA6D33F-7EEA-4824-8371-5567C2DCA1AE}.Debug|x64.ActiveCfg = Debug|x64
		{4CA6D33F-7EEA-4824-8371-5567C2DCA1AE}.Debug|x64.Build.0 = Debug|x64
		{4CA6D33F-7EEA-4824-8371-5567C2DCA1AE}.Debug|x86.ActiveCfg = Debug|x86
		{4CA6D33F-7EEA-4824-8371-5567C2DCA1AE}.Debug|x86.Build.0 = Debug|x86
		{4CA6D33F-7EEA-4824-8371-5567C2DCA1AE}.Release|Any CPU.ActiveCfg = Release|Any CPU
		{4CA6D33F-7EEA-4824-8371-5567C2DCA1AE}.Release|Any CPU.Build.0 = Release|Any CPU
		{4CA6D33F-7EEA-4824-8371-5567C2DCA1AE}.Release|x64.ActiveCfg = Release|Any CPU
		{4CA6D33F-7EEA-4824-8371-5567C2DCA1AE}.Release|x64.Build.0 = Release|Any CPU
		{4CA6D33F-7EEA-4824-8371-5567C2DCA1AE}.Release|x86.ActiveCfg = Release|Any CPU
		{4CA6D33F-7EEA-4824-8371-5567C2DCA1AE}.Release|x86.Build.0 = Release|Any CPU
	EndGlobalSection
	GlobalSection(SolutionProperties) = preSolution
		HideSolutionNode = FALSE
	EndGlobalSection
	GlobalSection(ExtensibilityGlobals) = postSolution
		SolutionGuid = {E3B020C0-0BDE-4FE6-B505-E415B63CD71C}
	EndGlobalSection
EndGlobal
